
Microsoft Visual Studio Solution File, Format Version 12.00
# Visual Studio Version 16
VisualStudioVersion = 16.0.29123.88
MinimumVisualStudioVersion = 10.0.40219.1
Project("{888888A0-9F3D-457C-B088-3A5042F75D52}") = "Foodapp", "Foodapp\Foodapp.pyproj", "{D906E1C3-B567-4A1A-9BF5-20C1D4E0E321}"
EndProject
Global
	GlobalSection(SolutionConfigurationPlatforms) = preSolution
		Debug|Any CPU = Debug|Any CPU
		Release|Any CPU = Release|Any CPU
	EndGlobalSection
	GlobalSection(ProjectConfigurationPlatforms) = postSolution
		{D906E1C3-B567-4A1A-9BF5-20C1D4E0E321}.Debug|Any CPU.ActiveCfg = Debug|Any CPU
		{D906E1C3-B567-4A1A-9BF5-20C1D4E0E321}.Release|Any CPU.ActiveCfg = Release|Any CPU
	EndGlobalSection
	GlobalSection(SolutionProperties) = preSolution
		HideSolutionNode = FALSE
	EndGlobalSection
	GlobalSection(ExtensibilityGlobals) = postSolution
		SolutionGuid = {54A82A81-1986-4BE5-B06E-36B7CE71605A}
	EndGlobalSection
EndGlobal
